{
  "version": 4,
  "terraform_version": "1.0.9",
  "serial": 3,
  "lineage": "36395383-e4b5-73c9-ba79-6b279fdec7ea",
  "outputs": {},
  "resources": [
    {
      "mode": "managed",
      "type": "azurerm_resource_group",
      "name": "multiple-resurce-group",
      "provider": "provider[\"registry.terraform.io/hashicorp/azurerm\"]",
      "instances": [
        {
          "schema_version": 0,
          "attributes": {
            "id": "/subscriptions/840016c7-4329-41c5-b106-272d0c9cea9a/resourceGroups/multipleRG1",
            "location": "eastus",
            "name": "multipleRG1",
            "tags": null,
            "timeouts": null
          },
          "sensitive_attributes": [],
          "private": "eyJlMmJmYjczMC1lY2FhLTExZTYtOGY4OC0zNDM2M2JjN2M0YzAiOnsiY3JlYXRlIjo1NDAwMDAwMDAwMDAwLCJkZWxldGUiOjU0MDAwMDAwMDAwMDAsInJlYWQiOjMwMDAwMDAwMDAwMCwidXBkYXRlIjo1NDAwMDAwMDAwMDAwfX0="
        }
      ]
    },
    {
      "mode": "managed",
      "type": "azurerm_resource_group",
      "name": "multiple-resurce-group2",
      "provider": "provider[\"registry.terraform.io/hashicorp/azurerm\"].provider2-westus",
      "instances": [
        {
          "schema_version": 0,
          "attributes": {
            "id": "/subscriptions/840016c7-4329-41c5-b106-272d0c9cea9a/resourceGroups/multipleRG2",
            "location": "westus",
            "name": "multipleRG2",
            "tags": null,
            "timeouts": null
          },
          "sensitive_attributes": [],
          "private": "eyJlMmJmYjczMC1lY2FhLTExZTYtOGY4OC0zNDM2M2JjN2M0YzAiOnsiY3JlYXRlIjo1NDAwMDAwMDAwMDAwLCJkZWxldGUiOjU0MDAwMDAwMDAwMDAsInJlYWQiOjMwMDAwMDAwMDAwMCwidXBkYXRlIjo1NDAwMDAwMDAwMDAwfX0="
        }
      ]
    }
  ]
}
